<?xml version="1.0" encoding="utf-8"?>
<Project ToolsVersion="4.0" xmlns="http://schemas.microsoft.com/developer/msbuild/2003">
  <ItemGroup>
    <Filter Include="소스 파일">
      <UniqueIdentifier>{4FC737F1-C7A5-4376-A066-2A32D752A2FF}</UniqueIdentifier>
      <Extensions>cpp;c;cc;cxx;c++;cppm;ixx;def;odl;idl;hpj;bat;asm;asmx</Extensions>
    </Filter>
    <Filter Include="헤더 파일">
      <UniqueIdentifier>{93995380-89BD-4b04-88EB-625FBE52EBFB}</UniqueIdentifier>
      <Extensions>h;hh;hpp;hxx;h++;hm;inl;inc;ipp;xsd</Extensions>
    </Filter>
    <Filter Include="리소스 파일">
      <UniqueIdentifier>{67DA6AB6-F800-4c08-8B7A-83BB121AAD01}</UniqueIdentifier>
      <Extensions>rc;ico;cur;bmp;dlg;rc2;rct;bin;rgs;gif;jpg;jpeg;jpe;resx;tiff;tif;png;wav;mfcribbon-ms</Extensions>
    </Filter>
    <Filter Include="소스 파일\Chap3">
      <UniqueIdentifier>{a7cb3b03-f8bb-4812-bdac-2786a3b663c4}</UniqueIdentifier>
    </Filter>
    <Filter Include="소스 파일\Chap3\cpp recipe">
      <UniqueIdentifier>{47f5166e-e671-4898-a755-8846c12de3fc}</UniqueIdentifier>
    </Filter>
    <Filter Include="소스 파일\Chap3_Test">
      <UniqueIdentifier>{60d48760-ab16-44e7-bc8f-8adb0c7d18f9}</UniqueIdentifier>
    </Filter>
    <Filter Include="소스 파일\Chap1, 2">
      <UniqueIdentifier>{5a0b2e34-ca81-4df2-98ab-b5239f1d1bd2}</UniqueIdentifier>
    </Filter>
    <Filter Include="헤더 파일\Chap3">
      <UniqueIdentifier>{1b46e9b1-529b-4507-adcd-e0413f69c751}</UniqueIdentifier>
    </Filter>
    <Filter Include="소스 파일\Chap4">
      <UniqueIdentifier>{a94fee8c-8329-4a21-a17e-967bf7624fe8}</UniqueIdentifier>
    </Filter>
    <Filter Include="소스 파일\Chap4_Test">
      <UniqueIdentifier>{36d739f6-0474-4b28-b19a-3cf89aa4ef56}</UniqueIdentifier>
    </Filter>
    <Filter Include="헤더 파일\Chap5">
      <UniqueIdentifier>{d20a32af-2f41-4e2d-9313-4b7e9798ec5e}</UniqueIdentifier>
    </Filter>
  </ItemGroup>
  <ItemGroup>
    <ClCompile Include="strClass.cpp">
      <Filter>소스 파일\Chap1, 2</Filter>
    </ClCompile>
    <ClCompile Include="input.cpp">
      <Filter>소스 파일\Chap1, 2</Filter>
    </ClCompile>
    <ClCompile Include="Ex7.cpp">
      <Filter>소스 파일\Chap1, 2</Filter>
    </ClCompile>
    <ClCompile Include="Ex6.cpp">
      <Filter>소스 파일\Chap1, 2</Filter>
    </ClCompile>
    <ClCompile Include="Ex5.cpp">
      <Filter>소스 파일\Chap1, 2</Filter>
    </ClCompile>
    <ClCompile Include="Ex4.cpp">
      <Filter>소스 파일\Chap1, 2</Filter>
    </ClCompile>
    <ClCompile Include="Ex3.cpp">
      <Filter>소스 파일\Chap1, 2</Filter>
    </ClCompile>
    <ClCompile Include="Ex2.cpp">
      <Filter>소스 파일\Chap1, 2</Filter>
    </ClCompile>
    <ClCompile Include="Ex1.cpp">
      <Filter>소스 파일\Chap1, 2</Filter>
    </ClCompile>
    <ClCompile Include="cstringEx.cpp">
      <Filter>소스 파일\Chap1, 2</Filter>
    </ClCompile>
    <ClCompile Include="Challenge.cpp">
      <Filter>소스 파일\Chap1, 2</Filter>
    </ClCompile>
    <ClCompile Include="delegateEx.cpp">
      <Filter>소스 파일\Chap3</Filter>
    </ClCompile>
    <ClCompile Include="inline.cpp">
      <Filter>소스 파일\Chap3</Filter>
    </ClCompile>
    <ClCompile Include="struct.cpp">
      <Filter>소스 파일\Chap3</Filter>
    </ClCompile>
    <ClCompile Include="Rect.cpp">
      <Filter>소스 파일\Chap3\cpp recipe</Filter>
    </ClCompile>
    <ClCompile Include="chap3_Ex1.cpp">
      <Filter>소스 파일\Chap3_Test</Filter>
    </ClCompile>
    <ClCompile Include="chap3_Ex2.cpp">
      <Filter>소스 파일\Chap3_Test</Filter>
    </ClCompile>
    <ClCompile Include="chap3_Ex3.cpp">
      <Filter>소스 파일\Chap3_Test</Filter>
    </ClCompile>
    <ClCompile Include="chap3_Ex4.cpp">
      <Filter>소스 파일\Chap3_Test</Filter>
    </ClCompile>
    <ClCompile Include="chap3_Ex5, 6, 7.cpp">
      <Filter>소스 파일\Chap3_Test</Filter>
    </ClCompile>
    <ClCompile Include="chap3_Ex8.cpp">
      <Filter>소스 파일\Chap3_Test</Filter>
    </ClCompile>
    <ClCompile Include="chap3_Ex9N.cpp">
      <Filter>소스 파일\Chap3_Test</Filter>
    </ClCompile>
    <ClCompile Include="chap3_Ex10.cpp">
      <Filter>소스 파일\Chap3_Test</Filter>
    </ClCompile>
    <ClCompile Include="chap3_Ex11.cpp">
      <Filter>소스 파일\Chap3_Test</Filter>
    </ClCompile>
    <ClCompile Include="chap3_Ex12.cpp">
      <Filter>소스 파일\Chap3_Test</Filter>
    </ClCompile>
    <ClCompile Include="ObjArray.cpp">
      <Filter>소스 파일\Chap4</Filter>
    </ClCompile>
    <ClCompile Include="dynamicMem.cpp">
      <Filter>소스 파일\Chap4</Filter>
    </ClCompile>
    <ClCompile Include="Sample.cpp">
      <Filter>소스 파일\Chap4</Filter>
    </ClCompile>
    <ClCompile Include="strObj.cpp">
      <Filter>소스 파일\Chap4</Filter>
    </ClCompile>
    <ClCompile Include="chap4_Ex2.cpp">
      <Filter>소스 파일\Chap4_Test</Filter>
    </ClCompile>
    <ClCompile Include="main.cpp">
      <Filter>소스 파일</Filter>
    </ClCompile>
    <ClCompile Include="chap4_Ex3.cpp">
      <Filter>소스 파일\Chap4_Test</Filter>
    </ClCompile>
    <ClCompile Include="chap4_Ex4.cpp">
      <Filter>소스 파일\Chap4_Test</Filter>
    </ClCompile>
    <ClCompile Include="chap4_Ex5.cpp">
      <Filter>소스 파일\Chap4_Test</Filter>
    </ClCompile>
    <ClCompile Include="chap4_Ex6.cpp">
      <Filter>소스 파일\Chap4_Test</Filter>
    </ClCompile>
    <ClCompile Include="chap4_Ex7, 8.cpp">
      <Filter>소스 파일\Chap4_Test</Filter>
    </ClCompile>
    <ClCompile Include="chap4_Ex9.cpp">
      <Filter>소스 파일\Chap4_Test</Filter>
    </ClCompile>
    <ClCompile Include="chap4_Ex10.cpp">
      <Filter>소스 파일\Chap4_Test</Filter>
    </ClCompile>
    <ClCompile Include="chap4_Ex11.cpp">
      <Filter>소스 파일\Chap4_Test</Filter>
    </ClCompile>
    <ClCompile Include="chap4_Ex12.cpp">
      <Filter>소스 파일\Chap4_Test</Filter>
    </ClCompile>
    <ClCompile Include="chap4_Ex13.cpp">
      <Filter>소스 파일\Chap4_Test</Filter>
    </ClCompile>
    <ClCompile Include="chap4_Ex14.cpp">
      <Filter>소스 파일\Chap4_Test</Filter>
    </ClCompile>
  </ItemGroup>
  <ItemGroup>
    <ClInclude Include="Box.h">
      <Filter>헤더 파일\Chap3</Filter>
    </ClInclude>
    <ClInclude Include="Rect.h">
      <Filter>헤더 파일\Chap3</Filter>
    </ClInclude>
    <ClInclude Include="Ram.h">
      <Filter>헤더 파일\Chap3</Filter>
    </ClInclude>
    <ClInclude Include="Oval.h">
      <Filter>헤더 파일\Chap3</Filter>
    </ClInclude>
    <ClInclude Include="Calculator.h">
      <Filter>헤더 파일\Chap3</Filter>
    </ClInclude>
    <ClInclude Include="Test.h">
      <Filter>헤더 파일\Chap5</Filter>
    </ClInclude>
    <ClInclude Include="Sample.h">
      <Filter>헤더 파일\Chap5</Filter>
    </ClInclude>
    <ClInclude Include="Circle.h">
      <Filter>헤더 파일\Chap5</Filter>
    </ClInclude>
    <ClInclude Include="Person.h">
      <Filter>헤더 파일\Chap5</Filter>
    </ClInclude>
    <ClInclude Include="Family.h">
      <Filter>헤더 파일\Chap5</Filter>
    </ClInclude>
    <ClInclude Include="CoffeeVendingMachine.h">
      <Filter>헤더 파일\Chap5</Filter>
    </ClInclude>
    <ClInclude Include="Container.h">
      <Filter>헤더 파일\Chap5</Filter>
    </ClInclude>
    <ClInclude Include="CircleManager.h">
      <Filter>헤더 파일\Chap5</Filter>
    </ClInclude>
    <ClInclude Include="Histogram.h">
      <Filter>헤더 파일\Chap5</Filter>
    </ClInclude>
    <ClInclude Include="GamblingGame.h">
      <Filter>헤더 파일\Chap5</Filter>
    </ClInclude>
  </ItemGroup>
</Project>